
Microsoft Visual Studio Solution File, Format Version 12.00
# Visual Studio Version 16
VisualStudioVersion = 16.0.31829.152
MinimumVisualStudioVersion = 10.0.40219.1
Project("{FAE04EC0-301F-11D3-BF4B-00C04F79EFBC}") = "PMD_PR_1.3", "PMD_PR_1.3\PMD_PR_1.3.csproj", "{0DFA186E-2020-4E38-9F4B-B20DA3BE0C93}"
EndProject
Global
	GlobalSection(SolutionConfigurationPlatforms) = preSolution
		Debug|Any CPU = Debug|Any CPU
		Release|Any CPU = Release|Any CPU
	EndGlobalSection
	GlobalSection(ProjectConfigurationPlatforms) = postSolution
		{0DFA186E-2020-4E38-9F4B-B20DA3BE0C93}.Debug|Any CPU.ActiveCfg = Debug|Any CPU
		{0DFA186E-2020-4E38-9F4B-B20DA3BE0C93}.Debug|Any CPU.Build.0 = Debug|Any CPU
		{0DFA186E-2020-4E38-9F4B-B20DA3BE0C93}.Release|Any CPU.ActiveCfg = Release|Any CPU
		{0DFA186E-2020-4E38-9F4B-B20DA3BE0C93}.Release|Any CPU.Build.0 = Release|Any CPU
	EndGlobalSection
	GlobalSection(SolutionProperties) = preSolution
		HideSolutionNode = FALSE
	EndGlobalSection
	GlobalSection(ExtensibilityGlobals) = postSolution
		SolutionGuid = {7F1AC941-8655-4B8B-88B7-461738269530}
	EndGlobalSection
EndGlobal
